
Microsoft Visual Studio Solution File, Format Version 12.00
# Visual Studio Version 17
VisualStudioVersion = 17.4.33110.190
MinimumVisualStudioVersion = 10.0.40219.1
Project("{FAE04EC0-301F-11D3-BF4B-00C04F79EFBC}") = "indexer-Reflection", "indexer-Reflection\indexer-Reflection.csproj", "{55414137-6205-415C-B87F-E3A58B3DA677}"
EndProject
Global
	GlobalSection(SolutionConfigurationPlatforms) = preSolution
		Debug|Any CPU = Debug|Any CPU
		Release|Any CPU = Release|Any CPU
	EndGlobalSection
	GlobalSection(ProjectConfigurationPlatforms) = postSolution
		{55414137-6205-415C-B87F-E3A58B3DA677}.Debug|Any CPU.ActiveCfg = Debug|Any CPU
		{55414137-6205-415C-B87F-E3A58B3DA677}.Debug|Any CPU.Build.0 = Debug|Any CPU
		{55414137-6205-415C-B87F-E3A58B3DA677}.Release|Any CPU.ActiveCfg = Release|Any CPU
		{55414137-6205-415C-B87F-E3A58B3DA677}.Release|Any CPU.Build.0 = Release|Any CPU
	EndGlobalSection
	GlobalSection(SolutionProperties) = preSolution
		HideSolutionNode = FALSE
	EndGlobalSection
	GlobalSection(ExtensibilityGlobals) = postSolution
		SolutionGuid = {07B7CB4E-6CE5-4D51-94E0-E97CB6024175}
	EndGlobalSection
EndGlobal
